
Microsoft Visual Studio Solution File, Format Version 12.00
# Visual Studio Version 17
VisualStudioVersion = 17.4.33122.133
MinimumVisualStudioVersion = 10.0.40219.1
Project("{FAE04EC0-301F-11D3-BF4B-00C04F79EFBC}") = "WebApplication5", "WebApplication5\WebApplication5.csproj", "{CC2DDEA2-6963-4754-813C-28D84440A1F9}"
EndProject
Global
	GlobalSection(SolutionConfigurationPlatforms) = preSolution
		Debug|Any CPU = Debug|Any CPU
		Release|Any CPU = Release|Any CPU
	EndGlobalSection
	GlobalSection(ProjectConfigurationPlatforms) = postSolution
		{CC2DDEA2-6963-4754-813C-28D84440A1F9}.Debug|Any CPU.ActiveCfg = Debug|Any CPU
		{CC2DDEA2-6963-4754-813C-28D84440A1F9}.Debug|Any CPU.Build.0 = Debug|Any CPU
		{CC2DDEA2-6963-4754-813C-28D84440A1F9}.Release|Any CPU.ActiveCfg = Release|Any CPU
		{CC2DDEA2-6963-4754-813C-28D84440A1F9}.Release|Any CPU.Build.0 = Release|Any CPU
	EndGlobalSection
	GlobalSection(SolutionProperties) = preSolution
		HideSolutionNode = FALSE
	EndGlobalSection
	GlobalSection(ExtensibilityGlobals) = postSolution
		SolutionGuid = {05C885EB-3F31-4937-9D9A-CD444A15365B}
	EndGlobalSection
EndGlobal
